
Microsoft Visual Studio Solution File, Format Version 12.00
# Visual Studio 15
VisualStudioVersion = 15.0.27703.2047
MinimumVisualStudioVersion = 10.0.40219.1
Project("{888888A0-9F3D-457C-B088-3A5042F75D52}") = "Hyperelastic", "Hyperelastic.pyproj", "{FD62CAF7-B31C-4E35-ABC2-4B8C2C11B37D}"
EndProject
Global
	GlobalSection(SolutionConfigurationPlatforms) = preSolution
		Debug|Any CPU = Debug|Any CPU
		Release|Any CPU = Release|Any CPU
	EndGlobalSection
	GlobalSection(ProjectConfigurationPlatforms) = postSolution
		{FD62CAF7-B31C-4E35-ABC2-4B8C2C11B37D}.Debug|Any CPU.ActiveCfg = Debug|Any CPU
		{FD62CAF7-B31C-4E35-ABC2-4B8C2C11B37D}.Release|Any CPU.ActiveCfg = Release|Any CPU
	EndGlobalSection
	GlobalSection(SolutionProperties) = preSolution
		HideSolutionNode = FALSE
	EndGlobalSection
	GlobalSection(ExtensibilityGlobals) = postSolution
		SolutionGuid = {B03FE6B8-1BA4-42B0-AA01-3A8F8877F02F}
	EndGlobalSection
EndGlobal
